// !$*UTF8*$!
{
	archiveVersion = 1;
	classes = {
	};
	objectVersion = 56;
	objects = {

/* Begin PBXBuildFile section */
		BA566C9F2AE676ED00FF4F0E /* StorageManager.swift in Sources */ = {isa = PBXBuildFile; fileRef = BA566C9E2AE676ED00FF4F0E /* StorageManager.swift */; };
		BA566CA12AE6880600FF4F0E /* ButtonView.swift in Sources */ = {isa = PBXBuildFile; fileRef = BA566CA02AE6880500FF4F0E /* ButtonView.swift */; };
		BA566CAA2AE6900700FF4F0E /* ButtonAppearanceModifier.swift in Sources */ = {isa = PBXBuildFile; fileRef = BA566CA92AE6900700FF4F0E /* ButtonAppearanceModifier.swift */; };
		BAF2CA3C2AE19F9F00D1DFD8 /* StateAndDataFlowApp.swift in Sources */ = {isa = PBXBuildFile; fileRef = BAF2CA3B2AE19F9F00D1DFD8 /* StateAndDataFlowApp.swift */; };
		BAF2CA3E2AE19F9F00D1DFD8 /* ContentView.swift in Sources */ = {isa = PBXBuildFile; fileRef = BAF2CA3D2AE19F9F00D1DFD8 /* ContentView.swift */; };
		BAF2CA402AE19FA900D1DFD8 /* Assets.xcassets in Resources */ = {isa = PBXBuildFile; fileRef = BAF2CA3F2AE19FA900D1DFD8 /* Assets.xcassets */; };
		BAF2CA432AE19FA900D1DFD8 /* Preview Assets.xcassets in Resources */ = {isa = PBXBuildFile; fileRef = BAF2CA422AE19FA900D1DFD8 /* Preview Assets.xcassets */; };
		BAF2CA4A2AE1A6EC00D1DFD8 /* TimeCounter.swift in Sources */ = {isa = PBXBuildFile; fileRef = BAF2CA492AE1A6EB00D1DFD8 /* TimeCounter.swift */; };
		BAF2CA4C2AE1B54900D1DFD8 /* LoginView.swift in Sources */ = {isa = PBXBuildFile; fileRef = BAF2CA4B2AE1B54900D1DFD8 /* LoginView.swift */; };
		BAF2CA4E2AE1B81D00D1DFD8 /* UserManager.swift in Sources */ = {isa = PBXBuildFile; fileRef = BAF2CA4D2AE1B81D00D1DFD8 /* UserManager.swift */; };
		BAF2CA502AE1B97D00D1DFD8 /* RootView.swift in Sources */ = {isa = PBXBuildFile; fileRef = BAF2CA4F2AE1B97D00D1DFD8 /* RootView.swift */; };
		BAFE88EF2AE3D1BE00FA5C31 /* User.swift in Sources */ = {isa = PBXBuildFile; fileRef = BAFE88EE2AE3D1BE00FA5C31 /* User.swift */; };
/* End PBXBuildFile section */

/* Begin PBXFileReference section */
		BA566C9E2AE676ED00FF4F0E /* StorageManager.swift */ = {isa = PBXFileReference; lastKnownFileType = sourcecode.swift; path = StorageManager.swift; sourceTree = "<group>"; };
		BA566CA02AE6880500FF4F0E /* ButtonView.swift */ = {isa = PBXFileReference; lastKnownFileType = sourcecode.swift; path = ButtonView.swift; sourceTree = "<group>"; };
		BA566CA92AE6900700FF4F0E /* ButtonAppearanceModifier.swift */ = {isa = PBXFileReference; lastKnownFileType = sourcecode.swift; path = ButtonAppearanceModifier.swift; sourceTree = "<group>"; };
		BAF2CA382AE19F9F00D1DFD8 /* StateAndDataFlow.app */ = {isa = PBXFileReference; explicitFileType = wrapper.application; includeInIndex = 0; path = StateAndDataFlow.app; sourceTree = BUILT_PRODUCTS_DIR; };
		BAF2CA3B2AE19F9F00D1DFD8 /* StateAndDataFlowApp.swift */ = {isa = PBXFileReference; lastKnownFileType = sourcecode.swift; path = StateAndDataFlowApp.swift; sourceTree = "<group>"; };
		BAF2CA3D2AE19F9F00D1DFD8 /* ContentView.swift */ = {isa = PBXFileReference; lastKnownFileType = sourcecode.swift; path = ContentView.swift; sourceTree = "<group>"; };
		BAF2CA3F2AE19FA900D1DFD8 /* Assets.xcassets */ = {isa = PBXFileReference; lastKnownFileType = folder.assetcatalog; path = Assets.xcassets; sourceTree = "<group>"; };
		BAF2CA422AE19FA900D1DFD8 /* Preview Assets.xcassets */ = {isa = PBXFileReference; lastKnownFileType = folder.assetcatalog; path = "Preview Assets.xcassets"; sourceTree = "<group>"; };
		BAF2CA492AE1A6EB00D1DFD8 /* TimeCounter.swift */ = {isa = PBXFileReference; lastKnownFileType = sourcecode.swift; path = TimeCounter.swift; sourceTree = "<group>"; };
		BAF2CA4B2AE1B54900D1DFD8 /* LoginView.swift */ = {isa = PBXFileReference; lastKnownFileType = sourcecode.swift; path = LoginView.swift; sourceTree = "<group>"; };
		BAF2CA4D2AE1B81D00D1DFD8 /* UserManager.swift */ = {isa = PBXFileReference; lastKnownFileType = sourcecode.swift; path = UserManager.swift; sourceTree = "<group>"; };
		BAF2CA4F2AE1B97D00D1DFD8 /* RootView.swift */ = {isa = PBXFileReference; lastKnownFileType = sourcecode.swift; path = RootView.swift; sourceTree = "<group>"; };
		BAFE88EE2AE3D1BE00FA5C31 /* User.swift */ = {isa = PBXFileReference; lastKnownFileType = sourcecode.swift; path = User.swift; sourceTree = "<group>"; };
/* End PBXFileReference section */

/* Begin PBXFrameworksBuildPhase section */
		BAF2CA352AE19F9F00D1DFD8 /* Frameworks */ = {
			isa = PBXFrameworksBuildPhase;
			buildActionMask = 2147483647;
			files = (
			);
			runOnlyForDeploymentPostprocessing = 0;
		};
/* End PBXFrameworksBuildPhase section */

/* Begin PBXGroup section */
		BA566CA22AE68E4000FF4F0E /* Views */ = {
			isa = PBXGroup;
			children = (
				BAF2CA3D2AE19F9F00D1DFD8 /* ContentView.swift */,
				BA566CA02AE6880500FF4F0E /* ButtonView.swift */,
				BAF2CA4B2AE1B54900D1DFD8 /* LoginView.swift */,
				BAF2CA4F2AE1B97D00D1DFD8 /* RootView.swift */,
			);
			path = Views;
			sourceTree = "<group>";
		};
		BA566CA32AE68E9200FF4F0E /* Models */ = {
			isa = PBXGroup;
			children = (
				BAFE88EE2AE3D1BE00FA5C31 /* User.swift */,
			);
			path = Models;
			sourceTree = "<group>";
		};
		BA566CA42AE68EBE00FF4F0E /* Services */ = {
			isa = PBXGroup;
			children = (
				BAF2CA4D2AE1B81D00D1DFD8 /* UserManager.swift */,
				BA566C9E2AE676ED00FF4F0E /* StorageManager.swift */,
				BAF2CA492AE1A6EB00D1DFD8 /* TimeCounter.swift */,
			);
			path = Services;
			sourceTree = "<group>";
		};
		BA566CA82AE68FED00FF4F0E /* Modifier */ = {
			isa = PBXGroup;
			children = (
				BA566CA92AE6900700FF4F0E /* ButtonAppearanceModifier.swift */,
			);
			path = Modifier;
			sourceTree = "<group>";
		};
		BAF2CA2F2AE19F9F00D1DFD8 = {
			isa = PBXGroup;
			children = (
				BAF2CA3A2AE19F9F00D1DFD8 /* StateAndDataFlow */,
				BAF2CA392AE19F9F00D1DFD8 /* Products */,
			);
			sourceTree = "<group>";
		};
		BAF2CA392AE19F9F00D1DFD8 /* Products */ = {
			isa = PBXGroup;
			children = (
				BAF2CA382AE19F9F00D1DFD8 /* StateAndDataFlow.app */,
			);
			name = Products;
			sourceTree = "<group>";
		};
		BAF2CA3A2AE19F9F00D1DFD8 /* StateAndDataFlow */ = {
			isa = PBXGroup;
			children = (
				BAF2CA3B2AE19F9F00D1DFD8 /* StateAndDataFlowApp.swift */,
				BA566CA22AE68E4000FF4F0E /* Views */,
				BA566CA42AE68EBE00FF4F0E /* Services */,
				BA566CA82AE68FED00FF4F0E /* Modifier */,
				BA566CA32AE68E9200FF4F0E /* Models */,
				BAF2CA3F2AE19FA900D1DFD8 /* Assets.xcassets */,
				BAF2CA412AE19FA900D1DFD8 /* Preview Content */,
			);
			path = StateAndDataFlow;
			sourceTree = "<group>";
		};
		BAF2CA412AE19FA900D1DFD8 /* Preview Content */ = {
			isa = PBXGroup;
			children = (
				BAF2CA422AE19FA900D1DFD8 /* Preview Assets.xcassets */,
			);
			path = "Preview Content";
			sourceTree = "<group>";
		};
/* End PBXGroup section */

/* Begin PBXNativeTarget section */
		BAF2CA372AE19F9F00D1DFD8 /* StateAndDataFlow */ = {
			isa = PBXNativeTarget;
			buildConfigurationList = BAF2CA462AE19FA900D1DFD8 /* Build configuration list for PBXNativeTarget "StateAndDataFlow" */;
			buildPhases = (
				BAF2CA342AE19F9F00D1DFD8 /* Sources */,
				BAF2CA352AE19F9F00D1DFD8 /* Frameworks */,
				BAF2CA362AE19F9F00D1DFD8 /* Resources */,
			);
			buildRules = (
			);
			dependencies = (
			);
			name = StateAndDataFlow;
			productName = StateAndDataFlow;
			productReference = BAF2CA382AE19F9F00D1DFD8 /* StateAndDataFlow.app */;
			productType = "com.apple.product-type.application";
		};
/* End PBXNativeTarget section */

/* Begin PBXProject section */
		BAF2CA302AE19F9F00D1DFD8 /* Project object */ = {
			isa = PBXProject;
			attributes = {
				BuildIndependentTargetsInParallel = 1;
				LastSwiftUpdateCheck = 1420;
				LastUpgradeCheck = 1420;
				TargetAttributes = {
					BAF2CA372AE19F9F00D1DFD8 = {
						CreatedOnToolsVersion = 14.2;
					};
				};
			};
			buildConfigurationList = BAF2CA332AE19F9F00D1DFD8 /* Build configuration list for PBXProject "StateAndDataFlow" */;
			compatibilityVersion = "Xcode 14.0";
			developmentRegion = en;
			hasScannedForEncodings = 0;
			knownRegions = (
				en,
				Base,
			);
			mainGroup = BAF2CA2F2AE19F9F00D1DFD8;
			productRefGroup = BAF2CA392AE19F9F00D1DFD8 /* Products */;
			projectDirPath = "";
			projectRoot = "";
			targets = (
				BAF2CA372AE19F9F00D1DFD8 /* StateAndDataFlow */,
			);
		};
/* End PBXProject section */

/* Begin PBXResourcesBuildPhase section */
		BAF2CA362AE19F9F00D1DFD8 /* Resources */ = {
			isa = PBXResourcesBuildPhase;
			buildActionMask = 2147483647;
			files = (
				BAF2CA432AE19FA900D1DFD8 /* Preview Assets.xcassets in Resources */,
				BAF2CA402AE19FA900D1DFD8 /* Assets.xcassets in Resources */,
			);
			runOnlyForDeploymentPostprocessing = 0;
		};
/* End PBXResourcesBuildPhase section */

/* Begin PBXSourcesBuildPhase section */
		BAF2CA342AE19F9F00D1DFD8 /* Sources */ = {
			isa = PBXSourcesBuildPhase;
			buildActionMask = 2147483647;
			files = (
				BA566CAA2AE6900700FF4F0E /* ButtonAppearanceModifier.swift in Sources */,
				BAF2CA4A2AE1A6EC00D1DFD8 /* TimeCounter.swift in Sources */,
				BAF2CA3E2AE19F9F00D1DFD8 /* ContentView.swift in Sources */,
				BAF2CA502AE1B97D00D1DFD8 /* RootView.swift in Sources */,
				BAF2CA4C2AE1B54900D1DFD8 /* LoginView.swift in Sources */,
				BAF2CA4E2AE1B81D00D1DFD8 /* UserManager.swift in Sources */,
				BAF2CA3C2AE19F9F00D1DFD8 /* StateAndDataFlowApp.swift in Sources */,
				BAFE88EF2AE3D1BE00FA5C31 /* User.swift in Sources */,
				BA566C9F2AE676ED00FF4F0E /* StorageManager.swift in Sources */,
				BA566CA12AE6880600FF4F0E /* ButtonView.swift in Sources */,
			);
			runOnlyForDeploymentPostprocessing = 0;
		};
/* End PBXSourcesBuildPhase section */

/* Begin XCBuildConfiguration section */
		BAF2CA442AE19FA900D1DFD8 /* Debug */ = {
			isa = XCBuildConfiguration;
			buildSettings = {
				ALWAYS_SEARCH_USER_PATHS = NO;
				CLANG_ANALYZER_NONNULL = YES;
				CLANG_ANALYZER_NUMBER_OBJECT_CONVERSION = YES_AGGRESSIVE;
				CLANG_CXX_LANGUAGE_STANDARD = "gnu++20";
				CLANG_ENABLE_MODULES = YES;
				CLANG_ENABLE_OBJC_ARC = YES;
				CLANG_ENABLE_OBJC_WEAK = YES;
				CLANG_WARN_BLOCK_CAPTURE_AUTORELEASING = YES;
				CLANG_WARN_BOOL_CONVERSION = YES;
				CLANG_WARN_COMMA = YES;
				CLANG_WARN_CONSTANT_CONVERSION = YES;
				CLANG_WARN_DEPRECATED_OBJC_IMPLEMENTATIONS = YES;
				CLANG_WARN_DIRECT_OBJC_ISA_USAGE = YES_ERROR;
				CLANG_WARN_DOCUMENTATION_COMMENTS = YES;
				CLANG_WARN_EMPTY_BODY = YES;
				CLANG_WARN_ENUM_CONVERSION = YES;
				CLANG_WARN_INFINITE_RECURSION = YES;
				CLANG_WARN_INT_CONVERSION = YES;
				CLANG_WARN_NON_LITERAL_NULL_CONVERSION = YES;
				CLANG_WARN_OBJC_IMPLICIT_RETAIN_SELF = YES;
				CLANG_WARN_OBJC_LITERAL_CONVERSION = YES;
				CLANG_WARN_OBJC_ROOT_CLASS = YES_ERROR;
				CLANG_WARN_QUOTED_INCLUDE_IN_FRAMEWORK_HEADER = YES;
				CLANG_WARN_RANGE_LOOP_ANALYSIS = YES;
				CLANG_WARN_STRICT_PROTOTYPES = YES;
				CLANG_WARN_SUSPICIOUS_MOVE = YES;
				CLANG_WARN_UNGUARDED_AVAILABILITY = YES_AGGRESSIVE;
				CLANG_WARN_UNREACHABLE_CODE = YES;
				CLANG_WARN__DUPLICATE_METHOD_MATCH = YES;
				COPY_PHASE_STRIP = NO;
				DEBUG_INFORMATION_FORMAT = dwarf;
				ENABLE_STRICT_OBJC_MSGSEND = YES;
				ENABLE_TESTABILITY = YES;
				GCC_C_LANGUAGE_STANDARD = gnu11;
				GCC_DYNAMIC_NO_PIC = NO;
				GCC_NO_COMMON_BLOCKS = YES;
				GCC_OPTIMIZATION_LEVEL = 0;
				GCC_PREPROCESSOR_DEFINITIONS = (
					"DEBUG=1",
					"$(inherited)",
				);
				GCC_WARN_64_TO_32_BIT_CONVERSION = YES;
				GCC_WARN_ABOUT_RETURN_TYPE = YES_ERROR;
				GCC_WARN_UNDECLARED_SELECTOR = YES;
				GCC_WARN_UNINITIALIZED_AUTOS = YES_AGGRESSIVE;
				GCC_WARN_UNUSED_FUNCTION = YES;
				GCC_WARN_UNUSED_VARIABLE = YES;
				IPHONEOS_DEPLOYMENT_TARGET = 16.2;
				MTL_ENABLE_DEBUG_INFO = INCLUDE_SOURCE;
				MTL_FAST_MATH = YES;
				ONLY_ACTIVE_ARCH = YES;
				SDKROOT = iphoneos;
				SWIFT_ACTIVE_COMPILATION_CONDITIONS = DEBUG;
				SWIFT_OPTIMIZATION_LEVEL = "-Onone";
			};
			name = Debug;
		};
		BAF2CA452AE19FA900D1DFD8 /* Release */ = {
			isa = XCBuildConfiguration;
			buildSettings = {
				ALWAYS_SEARCH_USER_PATHS = NO;
				CLANG_ANALYZER_NONNULL = YES;
				CLANG_ANALYZER_NUMBER_OBJECT_CONVERSION = YES_AGGRESSIVE;
				CLANG_CXX_LANGUAGE_STANDARD = "gnu++20";
				CLANG_ENABLE_MODULES = YES;
				CLANG_ENABLE_OBJC_ARC = YES;
				CLANG_ENABLE_OBJC_WEAK = YES;
				CLANG_WARN_BLOCK_CAPTURE_AUTORELEASING = YES;
				CLANG_WARN_BOOL_CONVERSION = YES;
				CLANG_WARN_COMMA = YES;
				CLANG_WARN_CONSTANT_CONVERSION = YES;
				CLANG_WARN_DEPRECATED_OBJC_IMPLEMENTATIONS = YES;
				CLANG_WARN_DIRECT_OBJC_ISA_USAGE = YES_ERROR;
				CLANG_WARN_DOCUMENTATION_COMMENTS = YES;
				CLANG_WARN_EMPTY_BODY = YES;
				CLANG_WARN_ENUM_CONVERSION = YES;
				CLANG_WARN_INFINITE_RECURSION = YES;
				CLANG_WARN_INT_CONVERSION = YES;
				CLANG_WARN_NON_LITERAL_NULL_CONVERSION = YES;
				CLANG_WARN_OBJC_IMPLICIT_RETAIN_SELF = YES;
				CLANG_WARN_OBJC_LITERAL_CONVERSION = YES;
				CLANG_WARN_OBJC_ROOT_CLASS = YES_ERROR;
				CLANG_WARN_QUOTED_INCLUDE_IN_FRAMEWORK_HEADER = YES;
				CLANG_WARN_RANGE_LOOP_ANALYSIS = YES;
				CLANG_WARN_STRICT_PROTOTYPES = YES;
				CLANG_WARN_SUSPICIOUS_MOVE = YES;
				CLANG_WARN_UNGUARDED_AVAILABILITY = YES_AGGRESSIVE;
				CLANG_WARN_UNREACHABLE_CODE = YES;
				CLANG_WARN__DUPLICATE_METHOD_MATCH = YES;
				COPY_PHASE_STRIP = NO;
				DEBUG_INFORMATION_FORMAT = "dwarf-with-dsym";
				ENABLE_NS_ASSERTIONS = NO;
				ENABLE_STRICT_OBJC_MSGSEND = YES;
				GCC_C_LANGUAGE_STANDARD = gnu11;
				GCC_NO_COMMON_BLOCKS = YES;
				GCC_WARN_64_TO_32_BIT_CONVERSION = YES;
				GCC_WARN_ABOUT_RETURN_TYPE = YES_ERROR;
				GCC_WARN_UNDECLARED_SELECTOR = YES;
				GCC_WARN_UNINITIALIZED_AUTOS = YES_AGGRESSIVE;
				GCC_WARN_UNUSED_FUNCTION = YES;
				GCC_WARN_UNUSED_VARIABLE = YES;
				IPHONEOS_DEPLOYMENT_TARGET = 16.2;
				MTL_ENABLE_DEBUG_INFO = NO;
				MTL_FAST_MATH = YES;
				SDKROOT = iphoneos;
				SWIFT_COMPILATION_MODE = wholemodule;
				SWIFT_OPTIMIZATION_LEVEL = "-O";
				VALIDATE_PRODUCT = YES;
			};
			name = Release;
		};
		BAF2CA472AE19FA900D1DFD8 /* Debug */ = {
			isa = XCBuildConfiguration;
			buildSettings = {
				ASSETCATALOG_COMPILER_APPICON_NAME = AppIcon;
				ASSETCATALOG_COMPILER_GLOBAL_ACCENT_COLOR_NAME = AccentColor;
				CODE_SIGN_STYLE = Automatic;
				CURRENT_PROJECT_VERSION = 1;
				DEVELOPMENT_ASSET_PATHS = "\"StateAndDataFlow/Preview Content\"";
				DEVELOPMENT_TEAM = SD7Z2M263P;
				ENABLE_PREVIEWS = YES;
				GENERATE_INFOPLIST_FILE = YES;
				INFOPLIST_KEY_UIApplicationSceneManifest_Generation = YES;
				INFOPLIST_KEY_UIApplicationSupportsIndirectInputEvents = YES;
				INFOPLIST_KEY_UILaunchScreen_Generation = YES;
				INFOPLIST_KEY_UISupportedInterfaceOrientations_iPad = "UIInterfaceOrientationPortrait UIInterfaceOrientationPortraitUpsideDown UIInterfaceOrientationLandscapeLeft UIInterfaceOrientationLandscapeRight";
				INFOPLIST_KEY_UISupportedInterfaceOrientations_iPhone = "UIInterfaceOrientationPortrait UIInterfaceOrientationLandscapeLeft UIInterfaceOrientationLandscapeRight";
				LD_RUNPATH_SEARCH_PATHS = (
					"$(inherited)",
					"@executable_path/Frameworks",
				);
				MARKETING_VERSION = 1.0;
				PRODUCT_BUNDLE_IDENTIFIER = area.tatev.StateAndDataFlow;
				PRODUCT_NAME = "$(TARGET_NAME)";
				SWIFT_EMIT_LOC_STRINGS = YES;
				SWIFT_VERSION = 5.0;
				TARGETED_DEVICE_FAMILY = "1,2";
			};
			name = Debug;
		};
		BAF2CA482AE19FA900D1DFD8 /* Release */ = {
			isa = XCBuildConfiguration;
			buildSettings = {
				ASSETCATALOG_COMPILER_APPICON_NAME = AppIcon;
				ASSETCATALOG_COMPILER_GLOBAL_ACCENT_COLOR_NAME = AccentColor;
				CODE_SIGN_STYLE = Automatic;
				CURRENT_PROJECT_VERSION = 1;
				DEVELOPMENT_ASSET_PATHS = "\"StateAndDataFlow/Preview Content\"";
				DEVELOPMENT_TEAM = SD7Z2M263P;
				ENABLE_PREVIEWS = YES;
				GENERATE_INFOPLIST_FILE = YES;
				INFOPLIST_KEY_UIApplicationSceneManifest_Generation = YES;
				INFOPLIST_KEY_UIApplicationSupportsIndirectInputEvents = YES;
				INFOPLIST_KEY_UILaunchScreen_Generation = YES;
				INFOPLIST_KEY_UISupportedInterfaceOrientations_iPad = "UIInterfaceOrientationPortrait UIInterfaceOrientationPortraitUpsideDown UIInterfaceOrientationLandscapeLeft UIInterfaceOrientationLandscapeRight";
				INFOPLIST_KEY_UISupportedInterfaceOrientations_iPhone = "UIInterfaceOrientationPortrait UIInterfaceOrientationLandscapeLeft UIInterfaceOrientationLandscapeRight";
				LD_RUNPATH_SEARCH_PATHS = (
					"$(inherited)",
					"@executable_path/Frameworks",
				);
				MARKETING_VERSION = 1.0;
				PRODUCT_BUNDLE_IDENTIFIER = area.tatev.StateAndDataFlow;
				PRODUCT_NAME = "$(TARGET_NAME)";
				SWIFT_EMIT_LOC_STRINGS = YES;
				SWIFT_VERSION = 5.0;
				TARGETED_DEVICE_FAMILY = "1,2";
			};
			name = Release;
		};
/* End XCBuildConfiguration section */

/* Begin XCConfigurationList section */
		BAF2CA332AE19F9F00D1DFD8 /* Build configuration list for PBXProject "StateAndDataFlow" */ = {
			isa = XCConfigurationList;
			buildConfigurations = (
				BAF2CA442AE19FA900D1DFD8 /* Debug */,
				BAF2CA452AE19FA900D1DFD8 /* Release */,
			);
			defaultConfigurationIsVisible = 0;
			defaultConfigurationName = Release;
		};
		BAF2CA462AE19FA900D1DFD8 /* Build configuration list for PBXNativeTarget "StateAndDataFlow" */ = {
			isa = XCConfigurationList;
			buildConfigurations = (
				BAF2CA472AE19FA900D1DFD8 /* Debug */,
				BAF2CA482AE19FA900D1DFD8 /* Release */,
			);
			defaultConfigurationIsVisible = 0;
			defaultConfigurationName = Release;
		};
/* End XCConfigurationList section */
	};
	rootObject = BAF2CA302AE19F9F00D1DFD8 /* Project object */;
}
